
Microsoft Visual Studio Solution File, Format Version 12.00
# Visual Studio Version 17
VisualStudioVersion = 17.0.31521.260
MinimumVisualStudioVersion = 10.0.40219.1
Project("{9A19103F-16F7-4668-BE54-9A1E7A4F7556}") = "SciTIF", "SciTIF\SciTIF.csproj", "{6153C040-0D8C-46BB-A985-3B4CE8E12C83}"
EndProject
Project("{9A19103F-16F7-4668-BE54-9A1E7A4F7556}") = "SciTIF.Tests", "SciTIF.Tests\SciTIF.Tests.csproj", "{219C0062-1E8A-4146-8431-170E5AE9EC4C}"
EndProject
Global
	GlobalSection(SolutionConfigurationPlatforms) = preSolution
		Debug|Any CPU = Debug|Any CPU
		Release|Any CPU = Release|Any CPU
	EndGlobalSection
	GlobalSection(ProjectConfigurationPlatforms) = postSolution
		{6153C040-0D8C-46BB-A985-3B4CE8E12C83}.Debug|Any CPU.ActiveCfg = Debug|Any CPU
		{6153C040-0D8C-46BB-A985-3B4CE8E12C83}.Debug|Any CPU.Build.0 = Debug|Any CPU
		{6153C040-0D8C-46BB-A985-3B4CE8E12C83}.Release|Any CPU.ActiveCfg = Release|Any CPU
		{6153C040-0D8C-46BB-A985-3B4CE8E12C83}.Release|Any CPU.Build.0 = Release|Any CPU
		{219C0062-1E8A-4146-8431-170E5AE9EC4C}.Debug|Any CPU.ActiveCfg = Debug|Any CPU
		{219C0062-1E8A-4146-8431-170E5AE9EC4C}.Debug|Any CPU.Build.0 = Debug|Any CPU
		{219C0062-1E8A-4146-8431-170E5AE9EC4C}.Release|Any CPU.ActiveCfg = Release|Any CPU
		{219C0062-1E8A-4146-8431-170E5AE9EC4C}.Release|Any CPU.Build.0 = Release|Any CPU
	EndGlobalSection
	GlobalSection(SolutionProperties) = preSolution
		HideSolutionNode = FALSE
	EndGlobalSection
	GlobalSection(ExtensibilityGlobals) = postSolution
		SolutionGuid = {A0DE973B-BF9C-4F64-9FDD-57B398E469AA}
	EndGlobalSection
EndGlobal
