
Microsoft Visual Studio Solution File, Format Version 12.00
# Visual Studio Version 17
VisualStudioVersion = 17.0.32126.317
MinimumVisualStudioVersion = 10.0.40219.1
Project("{9A19103F-16F7-4668-BE54-9A1E7A4F7556}") = "Report2P", "Report2P.csproj", "{903A3F61-997C-42C1-8ACF-B76099400FCE}"
EndProject
Global
	GlobalSection(SolutionConfigurationPlatforms) = preSolution
		Debug|Any CPU = Debug|Any CPU
		Release|Any CPU = Release|Any CPU
	EndGlobalSection
	GlobalSection(ProjectConfigurationPlatforms) = postSolution
		{903A3F61-997C-42C1-8ACF-B76099400FCE}.Debug|Any CPU.ActiveCfg = Debug|Any CPU
		{903A3F61-997C-42C1-8ACF-B76099400FCE}.Debug|Any CPU.Build.0 = Debug|Any CPU
		{903A3F61-997C-42C1-8ACF-B76099400FCE}.Release|Any CPU.ActiveCfg = Release|Any CPU
		{903A3F61-997C-42C1-8ACF-B76099400FCE}.Release|Any CPU.Build.0 = Release|Any CPU
	EndGlobalSection
	GlobalSection(SolutionProperties) = preSolution
		HideSolutionNode = FALSE
	EndGlobalSection
	GlobalSection(ExtensibilityGlobals) = postSolution
		SolutionGuid = {A3DD195F-91C0-48D4-81F4-91D382219490}
	EndGlobalSection
EndGlobal
